# @generated - this file is auto-generated by `mise lock` https://mise.jdx.dev/dev-tools/mise-lock.html

[[tools."aqua:FiloSottile/age"]]
version = "1.3.1"
backend = "aqua:FiloSottile/age"

[tools."aqua:FiloSottile/age"."platforms.linux-arm64"]
checksum = "sha256:c6878a324421b69e3e20b00ba17c04bc5c6dab0030cfe55bf8f68fa8d9e9093a"
url = "https://github.com/FiloSottile/age/releases/download/v1.3.1/age-v1.3.1-linux-arm64.tar.gz"
url_api = "https://api.github.com/repos/FiloSottile/age/releases/assets/333752668"
provenance = "github-attestations"

[tools."aqua:FiloSottile/age"."platforms.linux-arm64-musl"]
checksum = "sha256:c6878a324421b69e3e20b00ba17c04bc5c6dab0030cfe55bf8f68fa8d9e9093a"
url = "https://github.com/FiloSottile/age/releases/download/v1.3.1/age-v1.3.1-linux-arm64.tar.gz"
url_api = "https://api.github.com/repos/FiloSottile/age/releases/assets/333752668"
provenance = "github-attestations"

[tools."aqua:FiloSottile/age"."platforms.linux-x64"]
checksum = "sha256:bdc69c09cbdd6cf8b1f333d372a1f58247b3a33146406333e30c0f26e8f51377"
url = "https://github.com/FiloSottile/age/releases/download/v1.3.1/age-v1.3.1-linux-amd64.tar.gz"
url_api = "https://api.github.com/repos/FiloSottile/age/releases/assets/333752671"
provenance = "github-attestations"

[tools."aqua:FiloSottile/age"."platforms.linux-x64-musl"]
checksum = "sha256:bdc69c09cbdd6cf8b1f333d372a1f58247b3a33146406333e30c0f26e8f51377"
url = "https://github.com/FiloSottile/age/releases/download/v1.3.1/age-v1.3.1-linux-amd64.tar.gz"
url_api = "https://api.github.com/repos/FiloSottile/age/releases/assets/333752671"
provenance = "github-attestations"

[tools."aqua:FiloSottile/age"."platforms.macos-arm64"]
checksum = "sha256:01120ea2cbf0463d4c6bd767f99f3271bbed1cdc8a9aa718a76ba1fe4f01998b"
url = "https://github.com/FiloSottile/age/releases/download/v1.3.1/age-v1.3.1-darwin-arm64.tar.gz"
url_api = "https://api.github.com/repos/FiloSottile/age/releases/assets/333752669"
provenance = "github-attestations"

[tools."aqua:FiloSottile/age"."platforms.macos-x64"]
checksum = "sha256:2b233301ad21ab7b1eabd9ae1198a164005fa4928fcdd745d47c39f8593209d7"
url = "https://github.com/FiloSottile/age/releases/download/v1.3.1/age-v1.3.1-darwin-amd64.tar.gz"
url_api = "https://api.github.com/repos/FiloSottile/age/releases/assets/343881260"
provenance = "github-attestations"

[tools."aqua:FiloSottile/age"."platforms.windows-x64"]
checksum = "sha256:c56e8ce22f7e80cb85ad946cc82d198767b056366201d3e1a2b93d865be38154"
url = "https://github.com/FiloSottile/age/releases/download/v1.3.1/age-v1.3.1-windows-amd64.zip"
url_api = "https://api.github.com/repos/FiloSottile/age/releases/assets/333752673"
provenance = "github-attestations"

[[tools."aqua:budimanjojo/talhelper"]]
version = "3.1.15"
backend = "aqua:budimanjojo/talhelper"

[tools."aqua:budimanjojo/talhelper"."platforms.linux-arm64"]
checksum = "sha256:68b86ec6345738c01e491f15fc62ce2de87c349ba2899a1621005017949341ae"
url = "https://github.com/budimanjojo/talhelper/releases/download/v3.1.15/talhelper_linux_arm64.tar.gz"
url_api = "https://api.github.com/repos/budimanjojo/talhelper/releases/assets/486650873"

[tools."aqua:budimanjojo/talhelper"."platforms.linux-arm64-musl"]
checksum = "sha256:68b86ec6345738c01e491f15fc62ce2de87c349ba2899a1621005017949341ae"
url = "https://github.com/budimanjojo/talhelper/releases/download/v3.1.15/talhelper_linux_arm64.tar.gz"
url_api = "https://api.github.com/repos/budimanjojo/talhelper/releases/assets/486650873"

[tools."aqua:budimanjojo/talhelper"."platforms.linux-x64"]
checksum = "sha256:c14665b737da027c990c4a553062e84ae971d6270339873c27b5a385b58fecb7"
url = "https://github.com/budimanjojo/talhelper/releases/download/v3.1.15/talhelper_linux_amd64.tar.gz"
url_api = "https://api.github.com/repos/budimanjojo/talhelper/releases/assets/486650876"

[tools."aqua:budimanjojo/talhelper"."platforms.linux-x64-musl"]
checksum = "sha256:c14665b737da027c990c4a553062e84ae971d6270339873c27b5a385b58fecb7"
url = "https://github.com/budimanjojo/talhelper/releases/download/v3.1.15/talhelper_linux_amd64.tar.gz"
url_api = "https://api.github.com/repos/budimanjojo/talhelper/releases/assets/486650876"

[tools."aqua:budimanjojo/talhelper"."platforms.macos-arm64"]
checksum = "sha256:0b3eb2d30ac610a78208bef9700eee21494052391d9e8c0650d547d44f920492"
url = "https://github.com/budimanjojo/talhelper/releases/download/v3.1.15/talhelper_darwin_arm64.tar.gz"
url_api = "https://api.github.com/repos/budimanjojo/talhelper/releases/assets/486650872"

[tools."aqua:budimanjojo/talhelper"."platforms.macos-x64"]
checksum = "sha256:e8ab13e70f7bd2f52e0eea2fe4895d67432724dd480909a16a3623ce71b6c130"
url = "https://github.com/budimanjojo/talhelper/releases/download/v3.1.15/talhelper_darwin_amd64.tar.gz"
url_api = "https://api.github.com/repos/budimanjojo/talhelper/releases/assets/486650875"

[tools."aqua:budimanjojo/talhelper"."platforms.windows-x64"]
checksum = "sha256:d5673d98ab979fd5203f7679e05bd0737c1c0f71cb46c7c9da665de81eef5dd7"
url = "https://github.com/budimanjojo/talhelper/releases/download/v3.1.15/talhelper_windows_amd64.tar.gz"
url_api = "https://api.github.com/repos/budimanjojo/talhelper/releases/assets/486650904"

[[tools."aqua:cilium/cilium-cli"]]
version = "0.19.6"
backend = "aqua:cilium/cilium-cli"

[tools."aqua:cilium/cilium-cli"."platforms.linux-arm64"]
checksum = "sha256:fe8140aaaa561b7d59d8c0e7eef169c298b2d558924934c95aab8bb81382296f"
url = "https://github.com/cilium/cilium-cli/releases/download/v0.19.6/cilium-linux-arm64.tar.gz"
url_api = "https://api.github.com/repos/cilium/cilium-cli/releases/assets/477187979"

[tools."aqua:cilium/cilium-cli"."platforms.linux-arm64-musl"]
checksum = "sha256:fe8140aaaa561b7d59d8c0e7eef169c298b2d558924934c95aab8bb81382296f"
url = "https://github.com/cilium/cilium-cli/releases/download/v0.19.6/cilium-linux-arm64.tar.gz"
url_api = "https://api.github.com/repos/cilium/cilium-cli/releases/assets/477187979"

[tools."aqua:cilium/cilium-cli"."platforms.linux-x64"]
checksum = "sha256:65ae7592ab873acc0b242b8e679e0a0a856255e34fdd0082e7b048b6285a9842"
url = "https://github.com/cilium/cilium-cli/releases/download/v0.19.6/cilium-linux-amd64.tar.gz"
url_api = "https://api.github.com/repos/cilium/cilium-cli/releases/assets/477187977"

[tools."aqua:cilium/cilium-cli"."platforms.linux-x64-musl"]
checksum = "sha256:65ae7592ab873acc0b242b8e679e0a0a856255e34fdd0082e7b048b6285a9842"
url = "https://github.com/cilium/cilium-cli/releases/download/v0.19.6/cilium-linux-amd64.tar.gz"
url_api = "https://api.github.com/repos/cilium/cilium-cli/releases/assets/477187977"

[tools."aqua:cilium/cilium-cli"."platforms.macos-arm64"]
checksum = "sha256:363e6f050eaf64f8dd648806ebd3e371bcdc8ef4a5aebe7301cce4c2f28463ca"
url = "https://github.com/cilium/cilium-cli/releases/download/v0.19.6/cilium-darwin-arm64.tar.gz"
url_api = "https://api.github.com/repos/cilium/cilium-cli/releases/assets/477187981"

[tools."aqua:cilium/cilium-cli"."platforms.macos-x64"]
checksum = "sha256:cb39418709054fbc903719f555bdfe719ef67b1e6298ebb4f812864f6bae29fa"
url = "https://github.com/cilium/cilium-cli/releases/download/v0.19.6/cilium-darwin-amd64.tar.gz"
url_api = "https://api.github.com/repos/cilium/cilium-cli/releases/assets/477187985"

[tools."aqua:cilium/cilium-cli"."platforms.windows-x64"]
checksum = "sha256:035bb0bbd0b1782f77908b080f99c735d82af8f993a54ec29950d4d17b0f3d7c"
url = "https://github.com/cilium/cilium-cli/releases/download/v0.19.6/cilium-windows-amd64.zip"
url_api = "https://api.github.com/repos/cilium/cilium-cli/releases/assets/477187974"

[[tools."aqua:fluxcd/flux2"]]
version = "2.9.3"
backend = "aqua:fluxcd/flux2"

[tools."aqua:fluxcd/flux2"."platforms.linux-arm64"]
checksum = "sha256:24ec315313621bf82ea97db8a544725bc4f6de19737681f01f49c651ad3b884e"
url = "https://github.com/fluxcd/flux2/releases/download/v2.9.3/flux_2.9.3_linux_arm64.tar.gz"
url_api = "https://api.github.com/repos/fluxcd/flux2/releases/assets/487338173"

[tools."aqua:fluxcd/flux2"."platforms.linux-arm64".provenance.slsa]
url = "https://github.com/fluxcd/flux2/releases/download/v2.9.3/provenance.intoto.jsonl"

[tools."aqua:fluxcd/flux2"."platforms.linux-arm64-musl"]
checksum = "sha256:24ec315313621bf82ea97db8a544725bc4f6de19737681f01f49c651ad3b884e"
url = "https://github.com/fluxcd/flux2/releases/download/v2.9.3/flux_2.9.3_linux_arm64.tar.gz"
url_api = "https://api.github.com/repos/fluxcd/flux2/releases/assets/487338173"

[tools."aqua:fluxcd/flux2"."platforms.linux-arm64-musl".provenance.slsa]
url = "https://github.com/fluxcd/flux2/releases/download/v2.9.3/provenance.intoto.jsonl"

[tools."aqua:fluxcd/flux2"."platforms.linux-x64"]
checksum = "sha256:eae4e8608c0ade2bf4e8dec1669dbb6b0c28b5822b252d97feccfb4fb1181fd2"
url = "https://github.com/fluxcd/flux2/releases/download/v2.9.3/flux_2.9.3_linux_amd64.tar.gz"
url_api = "https://api.github.com/repos/fluxcd/flux2/releases/assets/487338171"

[tools."aqua:fluxcd/flux2"."platforms.linux-x64".provenance.slsa]
url = "https://github.com/fluxcd/flux2/releases/download/v2.9.3/provenance.intoto.jsonl"

[tools."aqua:fluxcd/flux2"."platforms.linux-x64-musl"]
checksum = "sha256:eae4e8608c0ade2bf4e8dec1669dbb6b0c28b5822b252d97feccfb4fb1181fd2"
url = "https://github.com/fluxcd/flux2/releases/download/v2.9.3/flux_2.9.3_linux_amd64.tar.gz"
url_api = "https://api.github.com/repos/fluxcd/flux2/releases/assets/487338171"

[tools."aqua:fluxcd/flux2"."platforms.linux-x64-musl".provenance.slsa]
url = "https://github.com/fluxcd/flux2/releases/download/v2.9.3/provenance.intoto.jsonl"

[tools."aqua:fluxcd/flux2"."platforms.macos-arm64"]
checksum = "sha256:59627ac109a59b2c7e94a9ce0e290a81906d0ea435d53806699385e9d54ec10a"
url = "https://github.com/fluxcd/flux2/releases/download/v2.9.3/flux_2.9.3_darwin_arm64.tar.gz"
url_api = "https://api.github.com/repos/fluxcd/flux2/releases/assets/487338177"

[tools."aqua:fluxcd/flux2"."platforms.macos-arm64".provenance.slsa]
url = "https://github.com/fluxcd/flux2/releases/download/v2.9.3/provenance.intoto.jsonl"

[tools."aqua:fluxcd/flux2"."platforms.macos-x64"]
checksum = "sha256:cfe276124801f2057b7960b5ac2fe5dc019cdf245d1e791ed947b9f4e97e06c2"
url = "https://github.com/fluxcd/flux2/releases/download/v2.9.3/flux_2.9.3_darwin_amd64.tar.gz"
url_api = "https://api.github.com/repos/fluxcd/flux2/releases/assets/487338179"

[tools."aqua:fluxcd/flux2"."platforms.macos-x64".provenance.slsa]
url = "https://github.com/fluxcd/flux2/releases/download/v2.9.3/provenance.intoto.jsonl"

[tools."aqua:fluxcd/flux2"."platforms.windows-x64"]
checksum = "sha256:3aa07433cdd7d63c8c9df6b9652668443a902a1e2f578c9b44f8354820d01630"
url = "https://github.com/fluxcd/flux2/releases/download/v2.9.3/flux_2.9.3_windows_amd64.zip"
url_api = "https://api.github.com/repos/fluxcd/flux2/releases/assets/487338178"

[tools."aqua:fluxcd/flux2"."platforms.windows-x64".provenance.slsa]
url = "https://github.com/fluxcd/flux2/releases/download/v2.9.3/provenance.intoto.jsonl"

[[tools."aqua:getsops/sops"]]
version = "3.13.3"
backend = "aqua:getsops/sops"

[tools."aqua:getsops/sops"."platforms.linux-arm64"]
checksum = "sha256:53b0abacd38ef1b12a66d6c100956691b9cefce018d91f81e73ddf7438b94d77"
url = "https://github.com/getsops/sops/releases/download/v3.13.3/sops-v3.13.3.linux.arm64"
url_api = "https://api.github.com/repos/getsops/sops/releases/assets/486808229"

[tools."aqua:getsops/sops"."platforms.linux-arm64".provenance.slsa]
url = "https://github.com/getsops/sops/releases/download/v3.13.3/sops-v3.13.3.intoto.jsonl"

[tools."aqua:getsops/sops"."platforms.linux-arm64-musl"]
checksum = "sha256:53b0abacd38ef1b12a66d6c100956691b9cefce018d91f81e73ddf7438b94d77"
url = "https://github.com/getsops/sops/releases/download/v3.13.3/sops-v3.13.3.linux.arm64"
url_api = "https://api.github.com/repos/getsops/sops/releases/assets/486808229"

[tools."aqua:getsops/sops"."platforms.linux-arm64-musl".provenance.slsa]
url = "https://github.com/getsops/sops/releases/download/v3.13.3/sops-v3.13.3.intoto.jsonl"

[tools."aqua:getsops/sops"."platforms.linux-x64"]
checksum = "sha256:e5bec3346a873ae91d871550f3e698c1aad962aff462a080e40f25fde17fef6b"
url = "https://github.com/getsops/sops/releases/download/v3.13.3/sops-v3.13.3.linux.amd64"
url_api = "https://api.github.com/repos/getsops/sops/releases/assets/486808201"

[tools."aqua:getsops/sops"."platforms.linux-x64".provenance.slsa]
url = "https://github.com/getsops/sops/releases/download/v3.13.3/sops-v3.13.3.intoto.jsonl"

[tools."aqua:getsops/sops"."platforms.linux-x64-musl"]
checksum = "sha256:e5bec3346a873ae91d871550f3e698c1aad962aff462a080e40f25fde17fef6b"
url = "https://github.com/getsops/sops/releases/download/v3.13.3/sops-v3.13.3.linux.amd64"
url_api = "https://api.github.com/repos/getsops/sops/releases/assets/486808201"

[tools."aqua:getsops/sops"."platforms.linux-x64-musl".provenance.slsa]
url = "https://github.com/getsops/sops/releases/download/v3.13.3/sops-v3.13.3.intoto.jsonl"

[tools."aqua:getsops/sops"."platforms.macos-arm64"]
checksum = "sha256:b97c0d434aab577dc40310e8d22ff9e45eef4c80638ab978daae9b4681c59286"
url = "https://github.com/getsops/sops/releases/download/v3.13.3/sops-v3.13.3.darwin.arm64"
url_api = "https://api.github.com/repos/getsops/sops/releases/assets/486808198"

[tools."aqua:getsops/sops"."platforms.macos-arm64".provenance.slsa]
url = "https://github.com/getsops/sops/releases/download/v3.13.3/sops-v3.13.3.intoto.jsonl"

[tools."aqua:getsops/sops"."platforms.macos-x64"]
checksum = "sha256:42162d5cef10b74fcf80a045a70e658d7ce6e63d6ea1be6f347e44015714468d"
url = "https://github.com/getsops/sops/releases/download/v3.13.3/sops-v3.13.3.darwin.amd64"
url_api = "https://api.github.com/repos/getsops/sops/releases/assets/486808228"

[tools."aqua:getsops/sops"."platforms.macos-x64".provenance.slsa]
url = "https://github.com/getsops/sops/releases/download/v3.13.3/sops-v3.13.3.intoto.jsonl"

[tools."aqua:getsops/sops"."platforms.windows-x64"]
checksum = "sha256:a4a9a398858fe8b2ef72d9686d930bf7c5cece9be74ad83ac3b53cfdd70e6b1c"
url = "https://github.com/getsops/sops/releases/download/v3.13.3/sops-v3.13.3.amd64.exe"
url_api = "https://api.github.com/repos/getsops/sops/releases/assets/486808200"

[tools."aqua:getsops/sops"."platforms.windows-x64".provenance.slsa]
url = "https://github.com/getsops/sops/releases/download/v3.13.3/sops-v3.13.3.intoto.jsonl"

[[tools."aqua:google/yamlfmt"]]
version = "0.21.0"
backend = "aqua:google/yamlfmt"

[tools."aqua:google/yamlfmt"."platforms.linux-arm64"]
checksum = "sha256:5b2689c963b177271330c5ce8ca7396751107e5a826be46f03d2cb9b6f0c7784"
url = "https://github.com/google/yamlfmt/releases/download/v0.21.0/yamlfmt_0.21.0_Linux_arm64.tar.gz"
url_api = "https://api.github.com/repos/google/yamlfmt/releases/assets/336650208"

[tools."aqua:google/yamlfmt"."platforms.linux-arm64-musl"]
checksum = "sha256:5b2689c963b177271330c5ce8ca7396751107e5a826be46f03d2cb9b6f0c7784"
url = "https://github.com/google/yamlfmt/releases/download/v0.21.0/yamlfmt_0.21.0_Linux_arm64.tar.gz"
url_api = "https://api.github.com/repos/google/yamlfmt/releases/assets/336650208"

[tools."aqua:google/yamlfmt"."platforms.linux-x64"]
checksum = "sha256:1f300d9257b232bb3b541d7fb1b0e6b3c121bcbab381c86cd38cb8722be8a566"
url = "https://github.com/google/yamlfmt/releases/download/v0.21.0/yamlfmt_0.21.0_Linux_x86_64.tar.gz"
url_api = "https://api.github.com/repos/google/yamlfmt/releases/assets/336650203"

[tools."aqua:google/yamlfmt"."platforms.linux-x64-musl"]
checksum = "sha256:1f300d9257b232bb3b541d7fb1b0e6b3c121bcbab381c86cd38cb8722be8a566"
url = "https://github.com/google/yamlfmt/releases/download/v0.21.0/yamlfmt_0.21.0_Linux_x86_64.tar.gz"
url_api = "https://api.github.com/repos/google/yamlfmt/releases/assets/336650203"

[tools."aqua:google/yamlfmt"."platforms.macos-arm64"]
checksum = "sha256:4b417ecb94339d57e4c122ecc948c1a00fe328b5853266de9806e652a92858fa"
url = "https://github.com/google/yamlfmt/releases/download/v0.21.0/yamlfmt_0.21.0_Darwin_arm64.tar.gz"
url_api = "https://api.github.com/repos/google/yamlfmt/releases/assets/336650209"

[tools."aqua:google/yamlfmt"."platforms.macos-x64"]
checksum = "sha256:060e943bcb8583c456810eb1ff4721b4f46c4a0c1a4432449d5dc3bbfe29a22b"
url = "https://github.com/google/yamlfmt/releases/download/v0.21.0/yamlfmt_0.21.0_Darwin_x86_64.tar.gz"
url_api = "https://api.github.com/repos/google/yamlfmt/releases/assets/336650207"

[tools."aqua:google/yamlfmt"."platforms.windows-x64"]
checksum = "sha256:07f80ce5d741eb4b0a9380ac78a19c7cb5bd44e2a9a47a5a04839e3ba54dd463"
url = "https://github.com/google/yamlfmt/releases/download/v0.21.0/yamlfmt_0.21.0_Windows_x86_64.tar.gz"
url_api = "https://api.github.com/repos/google/yamlfmt/releases/assets/336650206"

[[tools."aqua:helm/helm"]]
version = "4.2.3"
backend = "aqua:helm/helm"

[tools."aqua:helm/helm"."platforms.linux-arm64"]
checksum = "sha256:21abd9354d39b2cd79a8d76be6912cd137a983cbf997193503fb8a6a6e2f2785"
url = "https://get.helm.sh/helm-v4.2.3-linux-arm64.tar.gz"

[tools."aqua:helm/helm"."platforms.linux-arm64-musl"]
checksum = "sha256:21abd9354d39b2cd79a8d76be6912cd137a983cbf997193503fb8a6a6e2f2785"
url = "https://get.helm.sh/helm-v4.2.3-linux-arm64.tar.gz"

[tools."aqua:helm/helm"."platforms.linux-x64"]
checksum = "sha256:e9b88b4ee95b18c706839c28d3a0220e5bc470e9cd9262410c90793c45ff8b7c"
url = "https://get.helm.sh/helm-v4.2.3-linux-amd64.tar.gz"

[tools."aqua:helm/helm"."platforms.linux-x64-musl"]
checksum = "sha256:e9b88b4ee95b18c706839c28d3a0220e5bc470e9cd9262410c90793c45ff8b7c"
url = "https://get.helm.sh/helm-v4.2.3-linux-amd64.tar.gz"

[tools."aqua:helm/helm"."platforms.macos-arm64"]
checksum = "sha256:048ecf5ad3160f83d918f9fe945238d2132b079640f7b106175331c25f242c64"
url = "https://get.helm.sh/helm-v4.2.3-darwin-arm64.tar.gz"

[tools."aqua:helm/helm"."platforms.macos-x64"]
checksum = "sha256:ff3ac86755a45f3422473bc1200776aac0fe04c5766abe6ca66699f7b564b23b"
url = "https://get.helm.sh/helm-v4.2.3-darwin-amd64.tar.gz"

[tools."aqua:helm/helm"."platforms.windows-x64"]
checksum = "sha256:02c6137bb5f050479193afad5a28804e9edc3beeab7e7b53a6e1499c9ba387ef"
url = "https://get.helm.sh/helm-v4.2.3-windows-amd64.tar.gz"

[[tools."aqua:helmfile/helmfile"]]
version = "1.7.1"
backend = "aqua:helmfile/helmfile"

[tools."aqua:helmfile/helmfile"."platforms.linux-arm64"]
checksum = "sha256:c957e2a07469b535b427e9838e6edd30202366bd5a06e0aa3aaa6f562deeb29e"
url = "https://github.com/helmfile/helmfile/releases/download/v1.7.1/helmfile_1.7.1_linux_arm64.tar.gz"
url_api = "https://api.github.com/repos/helmfile/helmfile/releases/assets/480462764"

[tools."aqua:helmfile/helmfile"."platforms.linux-arm64-musl"]
checksum = "sha256:c957e2a07469b535b427e9838e6edd30202366bd5a06e0aa3aaa6f562deeb29e"
url = "https://github.com/helmfile/helmfile/releases/download/v1.7.1/helmfile_1.7.1_linux_arm64.tar.gz"
url_api = "https://api.github.com/repos/helmfile/helmfile/releases/assets/480462764"

[tools."aqua:helmfile/helmfile"."platforms.linux-x64"]
checksum = "sha256:d84a8e5ffdbfd66f1bfb4b11967b9d2981d8515c7d6e312ee0cd89b613c8b352"
url = "https://github.com/helmfile/helmfile/releases/download/v1.7.1/helmfile_1.7.1_linux_amd64.tar.gz"
url_api = "https://api.github.com/repos/helmfile/helmfile/releases/assets/480462741"

[tools."aqua:helmfile/helmfile"."platforms.linux-x64-musl"]
checksum = "sha256:d84a8e5ffdbfd66f1bfb4b11967b9d2981d8515c7d6e312ee0cd89b613c8b352"
url = "https://github.com/helmfile/helmfile/releases/download/v1.7.1/helmfile_1.7.1_linux_amd64.tar.gz"
url_api = "https://api.github.com/repos/helmfile/helmfile/releases/assets/480462741"

[tools."aqua:helmfile/helmfile"."platforms.macos-arm64"]
checksum = "sha256:96588f4f413ef5d4a3709013a52de73b41a845e6cf83c7ba9bab3266c8225730"
url = "https://github.com/helmfile/helmfile/releases/download/v1.7.1/helmfile_1.7.1_darwin_arm64.tar.gz"
url_api = "https://api.github.com/repos/helmfile/helmfile/releases/assets/480462768"

[tools."aqua:helmfile/helmfile"."platforms.macos-x64"]
checksum = "sha256:af46902ff69e9df2cb6bff69d3aa1fd7e8ffa357a3a4c889257a7bd40e27c01a"
url = "https://github.com/helmfile/helmfile/releases/download/v1.7.1/helmfile_1.7.1_darwin_amd64.tar.gz"
url_api = "https://api.github.com/repos/helmfile/helmfile/releases/assets/480462739"

[tools."aqua:helmfile/helmfile"."platforms.windows-x64"]
checksum = "sha256:51d0d83c2923e7f0ab064761b3013117e717e8076ab05bdda55f5b6c30f96f71"
url = "https://github.com/helmfile/helmfile/releases/download/v1.7.1/helmfile_1.7.1_windows_amd64.tar.gz"
url_api = "https://api.github.com/repos/helmfile/helmfile/releases/assets/480462738"

[[tools."aqua:jqlang/jq"]]
version = "1.8.2"
backend = "aqua:jqlang/jq"

[tools."aqua:jqlang/jq"."platforms.linux-arm64"]
checksum = "sha256:8b85c817833814ddca00a144c33705546355afccf0cf39b188f3cdb48b852309"
url = "https://github.com/jqlang/jq/releases/download/jq-1.8.2/jq-linux-arm64"
url_api = "https://api.github.com/repos/jqlang/jq/releases/assets/453012756"
provenance = "github-attestations"

[tools."aqua:jqlang/jq"."platforms.linux-arm64-musl"]
checksum = "sha256:8b85c817833814ddca00a144c33705546355afccf0cf39b188f3cdb48b852309"
url = "https://github.com/jqlang/jq/releases/download/jq-1.8.2/jq-linux-arm64"
url_api = "https://api.github.com/repos/jqlang/jq/releases/assets/453012756"
provenance = "github-attestations"

[tools."aqua:jqlang/jq"."platforms.linux-x64"]
checksum = "sha256:b1c22172dd303f3be49e935aa56aa48a8b7a46e0bc838b4997d3bb451495870f"
url = "https://github.com/jqlang/jq/releases/download/jq-1.8.2/jq-linux-amd64"
url_api = "https://api.github.com/repos/jqlang/jq/releases/assets/453012752"
provenance = "github-attestations"

[tools."aqua:jqlang/jq"."platforms.linux-x64-musl"]
checksum = "sha256:b1c22172dd303f3be49e935aa56aa48a8b7a46e0bc838b4997d3bb451495870f"
url = "https://github.com/jqlang/jq/releases/download/jq-1.8.2/jq-linux-amd64"
url_api = "https://api.github.com/repos/jqlang/jq/releases/assets/453012752"
provenance = "github-attestations"

[tools."aqua:jqlang/jq"."platforms.macos-arm64"]
checksum = "sha256:2d75340ba57a4b4b4c8708a21c2dc8e958a48aaa8bba13b27f77f6e4c0eca07e"
url = "https://github.com/jqlang/jq/releases/download/jq-1.8.2/jq-macos-arm64"
url_api = "https://api.github.com/repos/jqlang/jq/releases/assets/453012783"
provenance = "github-attestations"

[tools."aqua:jqlang/jq"."platforms.macos-x64"]
checksum = "sha256:e94b266e3c26690550006abe63152b782280f4e14374accdf04cbde844f00bc0"
url = "https://github.com/jqlang/jq/releases/download/jq-1.8.2/jq-macos-amd64"
url_api = "https://api.github.com/repos/jqlang/jq/releases/assets/453012782"
provenance = "github-attestations"

[tools."aqua:jqlang/jq"."platforms.windows-x64"]
checksum = "sha256:a6fc67fedaf9128a3309a1e2ebb8b986aeccf70122ee46d2cb4849e423f0c627"
url = "https://github.com/jqlang/jq/releases/download/jq-1.8.2/jq-windows-amd64.exe"
url_api = "https://api.github.com/repos/jqlang/jq/releases/assets/453012788"
provenance = "github-attestations"

[[tools."aqua:kubernetes-sigs/kustomize"]]
version = "5.8.1"
backend = "aqua:kubernetes-sigs/kustomize"

[tools."aqua:kubernetes-sigs/kustomize"."platforms.linux-arm64"]
checksum = "sha256:0953ea3e476f66d6ddfcd911d750f5167b9365aa9491b2326398e289fef2c142"
url = "https://github.com/kubernetes-sigs/kustomize/releases/download/kustomize/v5.8.1/kustomize_v5.8.1_linux_arm64.tar.gz"
url_api = "https://api.github.com/repos/kubernetes-sigs/kustomize/releases/assets/353160971"

[tools."aqua:kubernetes-sigs/kustomize"."platforms.linux-arm64-musl"]
checksum = "sha256:0953ea3e476f66d6ddfcd911d750f5167b9365aa9491b2326398e289fef2c142"
url = "https://github.com/kubernetes-sigs/kustomize/releases/download/kustomize/v5.8.1/kustomize_v5.8.1_linux_arm64.tar.gz"
url_api = "https://api.github.com/repos/kubernetes-sigs/kustomize/releases/assets/353160971"

[tools."aqua:kubernetes-sigs/kustomize"."platforms.linux-x64"]
checksum = "sha256:029a7f0f4e1932c52a0476cf02a0fd855c0bb85694b82c338fc648dcb53a819d"
url = "https://github.com/kubernetes-sigs/kustomize/releases/download/kustomize/v5.8.1/kustomize_v5.8.1_linux_amd64.tar.gz"
url_api = "https://api.github.com/repos/kubernetes-sigs/kustomize/releases/assets/353160972"

[tools."aqua:kubernetes-sigs/kustomize"."platforms.linux-x64-musl"]
checksum = "sha256:029a7f0f4e1932c52a0476cf02a0fd855c0bb85694b82c338fc648dcb53a819d"
url = "https://github.com/kubernetes-sigs/kustomize/releases/download/kustomize/v5.8.1/kustomize_v5.8.1_linux_amd64.tar.gz"
url_api = "https://api.github.com/repos/kubernetes-sigs/kustomize/releases/assets/353160972"

[tools."aqua:kubernetes-sigs/kustomize"."platforms.macos-arm64"]
checksum = "sha256:8886f8a78474e608cc81234f729fda188a9767da23e28925802f00ece2bab288"
url = "https://github.com/kubernetes-sigs/kustomize/releases/download/kustomize/v5.8.1/kustomize_v5.8.1_darwin_arm64.tar.gz"
url_api = "https://api.github.com/repos/kubernetes-sigs/kustomize/releases/assets/353160975"

[tools."aqua:kubernetes-sigs/kustomize"."platforms.macos-x64"]
checksum = "sha256:ee7cf0c1e3592aa7bb66ba82b359933a95e7f2e0b36e5f53ed0a4535b017f2f8"
url = "https://github.com/kubernetes-sigs/kustomize/releases/download/kustomize/v5.8.1/kustomize_v5.8.1_darwin_amd64.tar.gz"
url_api = "https://api.github.com/repos/kubernetes-sigs/kustomize/releases/assets/353160974"

[tools."aqua:kubernetes-sigs/kustomize"."platforms.windows-x64"]
checksum = "sha256:8ec7f5e815e526d4622c06df0a7793d8cfb6eb1c74f816b46166097fef8b26c6"
url = "https://github.com/kubernetes-sigs/kustomize/releases/download/kustomize/v5.8.1/kustomize_v5.8.1_windows_amd64.zip"
url_api = "https://api.github.com/repos/kubernetes-sigs/kustomize/releases/assets/353160980"

[[tools."aqua:kubernetes/kubectl"]]
version = "1.34.1"
backend = "aqua:kubernetes/kubectl"

[tools."aqua:kubernetes/kubectl"."platforms.linux-arm64"]
checksum = "sha256:420e6110e3ba7ee5a3927b5af868d18df17aae36b720529ffa4e9e945aa95450"
url = "https://dl.k8s.io/v1.34.1/bin/linux/arm64/kubectl"

[tools."aqua:kubernetes/kubectl"."platforms.linux-arm64-musl"]
checksum = "sha256:420e6110e3ba7ee5a3927b5af868d18df17aae36b720529ffa4e9e945aa95450"
url = "https://dl.k8s.io/v1.34.1/bin/linux/arm64/kubectl"

[tools."aqua:kubernetes/kubectl"."platforms.linux-x64"]
checksum = "sha256:7721f265e18709862655affba5343e85e1980639395d5754473dafaadcaa69e3"
url = "https://dl.k8s.io/v1.34.1/bin/linux/amd64/kubectl"

[tools."aqua:kubernetes/kubectl"."platforms.linux-x64-musl"]
checksum = "sha256:7721f265e18709862655affba5343e85e1980639395d5754473dafaadcaa69e3"
url = "https://dl.k8s.io/v1.34.1/bin/linux/amd64/kubectl"

[tools."aqua:kubernetes/kubectl"."platforms.macos-arm64"]
checksum = "sha256:d80e5fa36f2b14005e5bb35d3a72818acb1aea9a081af05340a000e5fbdb2f76"
url = "https://dl.k8s.io/v1.34.1/bin/darwin/arm64/kubectl"

[tools."aqua:kubernetes/kubectl"."platforms.macos-x64"]
checksum = "sha256:bb211f2b31f2b3bc60562b44cc1e3b712a16a98e9072968ba255beb04cefcfdf"
url = "https://dl.k8s.io/v1.34.1/bin/darwin/amd64/kubectl"

[tools."aqua:kubernetes/kubectl"."platforms.windows-x64"]
checksum = "sha256:d118a8ddb0de15ff230189c85f5157e752405eb0ae8fa680d284de094c9a20f0"
url = "https://dl.k8s.io/v1.34.1/bin/windows/amd64/kubectl.exe"

[[tools."aqua:mikefarah/yq"]]
version = "4.53.3"
backend = "aqua:mikefarah/yq"

[tools."aqua:mikefarah/yq"."platforms.linux-arm64"]
checksum = "sha256:578648e463a11c1b6db6010cbf41eafed6bee79466fcffa1bb446672cf7945ea"
url = "https://github.com/mikefarah/yq/releases/download/v4.53.3/yq_linux_arm64"
url_api = "https://api.github.com/repos/mikefarah/yq/releases/assets/440146727"
provenance = "cosign"

[tools."aqua:mikefarah/yq"."platforms.linux-arm64-musl"]
checksum = "sha256:578648e463a11c1b6db6010cbf41eafed6bee79466fcffa1bb446672cf7945ea"
url = "https://github.com/mikefarah/yq/releases/download/v4.53.3/yq_linux_arm64"
url_api = "https://api.github.com/repos/mikefarah/yq/releases/assets/440146727"
provenance = "cosign"

[tools."aqua:mikefarah/yq"."platforms.linux-x64"]
checksum = "sha256:fa52a4e758c63d38299163fbdd1edfb4c4963247918bf9c1c5d31d84789eded4"
url = "https://github.com/mikefarah/yq/releases/download/v4.53.3/yq_linux_amd64"
url_api = "https://api.github.com/repos/mikefarah/yq/releases/assets/440146735"
provenance = "cosign"

[tools."aqua:mikefarah/yq"."platforms.linux-x64-musl"]
checksum = "sha256:fa52a4e758c63d38299163fbdd1edfb4c4963247918bf9c1c5d31d84789eded4"
url = "https://github.com/mikefarah/yq/releases/download/v4.53.3/yq_linux_amd64"
url_api = "https://api.github.com/repos/mikefarah/yq/releases/assets/440146735"
provenance = "cosign"

[tools."aqua:mikefarah/yq"."platforms.macos-arm64"]
checksum = "sha256:877de31753a4dd2401aa048937aa9a7fc4d5f6ce858cf31508c5802954297213"
url = "https://github.com/mikefarah/yq/releases/download/v4.53.3/yq_darwin_arm64"
url_api = "https://api.github.com/repos/mikefarah/yq/releases/assets/440146762"
provenance = "cosign"

[tools."aqua:mikefarah/yq"."platforms.macos-x64"]
checksum = "sha256:b4ba1ecce3c47f00803f4f964de38394326c7a32eb6540616e04fb2935a0f08d"
url = "https://github.com/mikefarah/yq/releases/download/v4.53.3/yq_darwin_amd64"
url_api = "https://api.github.com/repos/mikefarah/yq/releases/assets/440146744"
provenance = "cosign"

[tools."aqua:mikefarah/yq"."platforms.windows-x64"]
checksum = "sha256:e279bc506a452eeafcdf364f91a025455e402a8001169083caf01f4b64a544e2"
url = "https://github.com/mikefarah/yq/releases/download/v4.53.3/yq_windows_amd64.exe"
url_api = "https://api.github.com/repos/mikefarah/yq/releases/assets/440146721"
provenance = "cosign"

[[tools."aqua:siderolabs/talos"]]
version = "1.13.5"
backend = "aqua:siderolabs/talos"

[tools."aqua:siderolabs/talos"."platforms.linux-arm64"]
checksum = "sha256:bd053d8264c1b0c091cbaf15e7b414ab1cd14a56ddd5860f2e2ba01e5aee3bc3"
url = "https://github.com/siderolabs/talos/releases/download/v1.13.5/talosctl-linux-arm64"
url_api = "https://api.github.com/repos/siderolabs/talos/releases/assets/454773619"
provenance = "cosign"

[tools."aqua:siderolabs/talos"."platforms.linux-arm64-musl"]
checksum = "sha256:bd053d8264c1b0c091cbaf15e7b414ab1cd14a56ddd5860f2e2ba01e5aee3bc3"
url = "https://github.com/siderolabs/talos/releases/download/v1.13.5/talosctl-linux-arm64"
url_api = "https://api.github.com/repos/siderolabs/talos/releases/assets/454773619"
provenance = "cosign"

[tools."aqua:siderolabs/talos"."platforms.linux-x64"]
checksum = "sha256:cb12209727c0c4d57d74c0595f34d441ba491421e1d3c8a5142ed91028a20232"
url = "https://github.com/siderolabs/talos/releases/download/v1.13.5/talosctl-linux-amd64"
url_api = "https://api.github.com/repos/siderolabs/talos/releases/assets/454773627"
provenance = "cosign"

[tools."aqua:siderolabs/talos"."platforms.linux-x64-musl"]
checksum = "sha256:cb12209727c0c4d57d74c0595f34d441ba491421e1d3c8a5142ed91028a20232"
url = "https://github.com/siderolabs/talos/releases/download/v1.13.5/talosctl-linux-amd64"
url_api = "https://api.github.com/repos/siderolabs/talos/releases/assets/454773627"
provenance = "cosign"

[tools."aqua:siderolabs/talos"."platforms.macos-arm64"]
checksum = "sha256:5cfc42f5a51b01ea391c9760a1c5450517f7e85a74d145fd20b6abc4ac1df37e"
url = "https://github.com/siderolabs/talos/releases/download/v1.13.5/talosctl-darwin-arm64"
url_api = "https://api.github.com/repos/siderolabs/talos/releases/assets/454773663"
provenance = "cosign"

[tools."aqua:siderolabs/talos"."platforms.macos-x64"]
checksum = "sha256:b5808a8f650c53987d0133704259f3cdf31c081710bda598f9b4cab934abc78c"
url = "https://github.com/siderolabs/talos/releases/download/v1.13.5/talosctl-darwin-amd64"
url_api = "https://api.github.com/repos/siderolabs/talos/releases/assets/454773612"
provenance = "cosign"

[tools."aqua:siderolabs/talos"."platforms.windows-x64"]
checksum = "sha256:dd36d21d7157568387fa62e4f092b8a8536bb85f2362ababee493c503e48a0f2"
url = "https://github.com/siderolabs/talos/releases/download/v1.13.5/talosctl-windows-amd64.exe"
url_api = "https://api.github.com/repos/siderolabs/talos/releases/assets/454773628"
provenance = "cosign"

[[tools."aqua:yannh/kubeconform"]]
version = "0.8.0"
backend = "aqua:yannh/kubeconform"

[tools."aqua:yannh/kubeconform"."platforms.linux-arm64"]
checksum = "sha256:1f53fc8e81258197a35e8603054162a5af1de8c5af13746c71ab680d9534ed87"
url = "https://github.com/yannh/kubeconform/releases/download/v0.8.0/kubeconform-linux-arm64.tar.gz"
url_api = "https://api.github.com/repos/yannh/kubeconform/releases/assets/438612685"

[tools."aqua:yannh/kubeconform"."platforms.linux-arm64-musl"]
checksum = "sha256:1f53fc8e81258197a35e8603054162a5af1de8c5af13746c71ab680d9534ed87"
url = "https://github.com/yannh/kubeconform/releases/download/v0.8.0/kubeconform-linux-arm64.tar.gz"
url_api = "https://api.github.com/repos/yannh/kubeconform/releases/assets/438612685"

[tools."aqua:yannh/kubeconform"."platforms.linux-x64"]
checksum = "sha256:9bc2bffbf71f261128533edaf912153948b7ff238f9a531ae6d34466ec287883"
url = "https://github.com/yannh/kubeconform/releases/download/v0.8.0/kubeconform-linux-amd64.tar.gz"
url_api = "https://api.github.com/repos/yannh/kubeconform/releases/assets/438612666"

[tools."aqua:yannh/kubeconform"."platforms.linux-x64-musl"]
checksum = "sha256:9bc2bffbf71f261128533edaf912153948b7ff238f9a531ae6d34466ec287883"
url = "https://github.com/yannh/kubeconform/releases/download/v0.8.0/kubeconform-linux-amd64.tar.gz"
url_api = "https://api.github.com/repos/yannh/kubeconform/releases/assets/438612666"

[tools."aqua:yannh/kubeconform"."platforms.macos-arm64"]
checksum = "sha256:f84f4dfbebf4a6b0b230385fa065a39ea35e02608c2b50d025dcf64775a69d67"
url = "https://github.com/yannh/kubeconform/releases/download/v0.8.0/kubeconform-darwin-arm64.tar.gz"
url_api = "https://api.github.com/repos/yannh/kubeconform/releases/assets/438612680"

[tools."aqua:yannh/kubeconform"."platforms.macos-x64"]
checksum = "sha256:71dbc87ac9f24099a62b93570e65aa06312ba6ac8aea63b7f86e9d999edf5a92"
url = "https://github.com/yannh/kubeconform/releases/download/v0.8.0/kubeconform-darwin-amd64.tar.gz"
url_api = "https://api.github.com/repos/yannh/kubeconform/releases/assets/438612679"

[tools."aqua:yannh/kubeconform"."platforms.windows-x64"]
checksum = "sha256:e3f56102bcf4f50b034a567e2482a1c5330799983ddd655952310211aef73d93"
url = "https://github.com/yannh/kubeconform/releases/download/v0.8.0/kubeconform-windows-amd64.zip"
url_api = "https://api.github.com/repos/yannh/kubeconform/releases/assets/438612665"

[[tools."github:home-operations/flate"]]
version = "0.5.0"
backend = "github:home-operations/flate"

[tools."github:home-operations/flate"."platforms.linux-arm64"]
checksum = "sha256:e489371e11c1e76ca9052919f96ee7cf43de8810c54575474c2783f3747bbb60"
url = "https://github.com/home-operations/flate/releases/download/v0.5.0/flate_0.5.0_linux_arm64.tar.gz"
url_api = "https://api.github.com/repos/home-operations/flate/releases/assets/506470630"

[tools."github:home-operations/flate"."platforms.linux-arm64-musl"]
checksum = "sha256:e489371e11c1e76ca9052919f96ee7cf43de8810c54575474c2783f3747bbb60"
url = "https://github.com/home-operations/flate/releases/download/v0.5.0/flate_0.5.0_linux_arm64.tar.gz"
url_api = "https://api.github.com/repos/home-operations/flate/releases/assets/506470630"

[tools."github:home-operations/flate"."platforms.linux-x64"]
checksum = "sha256:1dd5b7e8d2cf968386df7921abc74384f04d1b5b2b95dbee9bd54632bd6c311c"
url = "https://github.com/home-operations/flate/releases/download/v0.5.0/flate_0.5.0_linux_amd64.tar.gz"
url_api = "https://api.github.com/repos/home-operations/flate/releases/assets/506470627"

[tools."github:home-operations/flate"."platforms.linux-x64-musl"]
checksum = "sha256:1dd5b7e8d2cf968386df7921abc74384f04d1b5b2b95dbee9bd54632bd6c311c"
url = "https://github.com/home-operations/flate/releases/download/v0.5.0/flate_0.5.0_linux_amd64.tar.gz"
url_api = "https://api.github.com/repos/home-operations/flate/releases/assets/506470627"

[tools."github:home-operations/flate"."platforms.macos-arm64"]
checksum = "sha256:49c33d99ee6894e8217d50e4ff7769d12a95339871a0ef54c00ff927c7e85bd1"
url = "https://github.com/home-operations/flate/releases/download/v0.5.0/flate_0.5.0_darwin_arm64.tar.gz"
url_api = "https://api.github.com/repos/home-operations/flate/releases/assets/506470629"

[tools."github:home-operations/flate"."platforms.macos-x64"]
checksum = "sha256:8aa6d179649f0c4514bdf26a2a4f536bf0d745e6906e7fcf2011e7ee8295f2d6"
url = "https://github.com/home-operations/flate/releases/download/v0.5.0/flate_0.5.0_darwin_amd64.tar.gz"
url_api = "https://api.github.com/repos/home-operations/flate/releases/assets/506470631"

[tools."github:home-operations/flate"."platforms.windows-x64"]
checksum = "sha256:9dcbfc28e27cf236e79146abf084967b180451992dfcd815c357e13ab9b5ce8e"
url = "https://github.com/home-operations/flate/releases/download/v0.5.0/flate_0.5.0_windows_amd64.zip"
url_api = "https://api.github.com/repos/home-operations/flate/releases/assets/506470642"
